
Microsoft Visual Studio Solution File, Format Version 12.00
# Visual Studio Version 16
VisualStudioVersion = 16.0.29728.190
MinimumVisualStudioVersion = 10.0.40219.1
Project("{FAE04EC0-301F-11D3-BF4B-00C04F79EFBC}") = "Investments", "Investments\Investments.csproj", "{F1DC724B-894F-43B3-AF24-65588D78DB69}"
EndProject
Global
	GlobalSection(SolutionConfigurationPlatforms) = preSolution
		Debug|Any CPU = Debug|Any CPU
		Release|Any CPU = Release|Any CPU
	EndGlobalSection
	GlobalSection(ProjectConfigurationPlatforms) = postSolution
		{F1DC724B-894F-43B3-AF24-65588D78DB69}.Debug|Any CPU.ActiveCfg = Debug|Any CPU
		{F1DC724B-894F-43B3-AF24-65588D78DB69}.Debug|Any CPU.Build.0 = Debug|Any CPU
		{F1DC724B-894F-43B3-AF24-65588D78DB69}.Release|Any CPU.ActiveCfg = Release|Any CPU
		{F1DC724B-894F-43B3-AF24-65588D78DB69}.Release|Any CPU.Build.0 = Release|Any CPU
	EndGlobalSection
	GlobalSection(SolutionProperties) = preSolution
		HideSolutionNode = FALSE
	EndGlobalSection
	GlobalSection(ExtensibilityGlobals) = postSolution
		SolutionGuid = {FB19162A-87D4-45E2-9318-50DE1E362CB4}
	EndGlobalSection
EndGlobal
